
Microsoft Visual Studio Solution File, Format Version 12.00
# Visual Studio 2012
Project("{FAE04EC0-301F-11D3-BF4B-00C04F79EFBC}") = "01.Underscore.js", "01.Underscore.js\01.Underscore.js.csproj", "{8A51B237-39FC-43A2-A6A4-6183305C314C}"
EndProject
Global
	GlobalSection(SolutionConfigurationPlatforms) = preSolution
		Debug|Any CPU = Debug|Any CPU
		Release|Any CPU = Release|Any CPU
	EndGlobalSection
	GlobalSection(ProjectConfigurationPlatforms) = postSolution
		{8A51B237-39FC-43A2-A6A4-6183305C314C}.Debug|Any CPU.ActiveCfg = Debug|Any CPU
		{8A51B237-39FC-43A2-A6A4-6183305C314C}.Debug|Any CPU.Build.0 = Debug|Any CPU
		{8A51B237-39FC-43A2-A6A4-6183305C314C}.Release|Any CPU.ActiveCfg = Release|Any CPU
		{8A51B237-39FC-43A2-A6A4-6183305C314C}.Release|Any CPU.Build.0 = Release|Any CPU
	EndGlobalSection
	GlobalSection(SolutionProperties) = preSolution
		HideSolutionNode = FALSE
	EndGlobalSection
EndGlobal
