
Microsoft Visual Studio Solution File, Format Version 12.00
# Visual Studio 2012
Project("{FAE04EC0-301F-11D3-BF4B-00C04F79EFBC}") = "Task1", "Task1\Task1.csproj", "{7ED1ABF3-3F0B-4CAD-BCC5-44A4C3C4CA33}"
EndProject
Project("{FAE04EC0-301F-11D3-BF4B-00C04F79EFBC}") = "Task2", "Task2\Task2.csproj", "{93E65879-86D7-4EC8-AB05-C2BB0739CBF0}"
EndProject
Global
	GlobalSection(SolutionConfigurationPlatforms) = preSolution
		Debug|Any CPU = Debug|Any CPU
		Release|Any CPU = Release|Any CPU
	EndGlobalSection
	GlobalSection(ProjectConfigurationPlatforms) = postSolution
		{7ED1ABF3-3F0B-4CAD-BCC5-44A4C3C4CA33}.Debug|Any CPU.ActiveCfg = Debug|Any CPU
		{7ED1ABF3-3F0B-4CAD-BCC5-44A4C3C4CA33}.Debug|Any CPU.Build.0 = Debug|Any CPU
		{7ED1ABF3-3F0B-4CAD-BCC5-44A4C3C4CA33}.Release|Any CPU.ActiveCfg = Release|Any CPU
		{7ED1ABF3-3F0B-4CAD-BCC5-44A4C3C4CA33}.Release|Any CPU.Build.0 = Release|Any CPU
		{93E65879-86D7-4EC8-AB05-C2BB0739CBF0}.Debug|Any CPU.ActiveCfg = Debug|Any CPU
		{93E65879-86D7-4EC8-AB05-C2BB0739CBF0}.Debug|Any CPU.Build.0 = Debug|Any CPU
		{93E65879-86D7-4EC8-AB05-C2BB0739CBF0}.Release|Any CPU.ActiveCfg = Release|Any CPU
		{93E65879-86D7-4EC8-AB05-C2BB0739CBF0}.Release|Any CPU.Build.0 = Release|Any CPU
	EndGlobalSection
	GlobalSection(SolutionProperties) = preSolution
		HideSolutionNode = FALSE
	EndGlobalSection
EndGlobal
