
Microsoft Visual Studio Solution File, Format Version 12.00
# Visual Studio 2012
Project("{FAE04EC0-301F-11D3-BF4B-00C04F79EFBC}") = "WebApplication1", "WebApplication1\WebApplication1.csproj", "{C2C65277-C88C-45F7-BFC2-3347930939EB}"
EndProject
Project("{FAE04EC0-301F-11D3-BF4B-00C04F79EFBC}") = "WebApplication3", "WebApplication3\WebApplication3.csproj", "{288DD666-3700-4B0E-99D0-AF1CADD112DA}"
EndProject
Project("{FAE04EC0-301F-11D3-BF4B-00C04F79EFBC}") = "WebApplication2", "WebApplication2\WebApplication2.csproj", "{C5255388-F568-44F4-9F3A-FAA543FD8A77}"
EndProject
Global
	GlobalSection(SolutionConfigurationPlatforms) = preSolution
		Debug|Any CPU = Debug|Any CPU
		Release|Any CPU = Release|Any CPU
	EndGlobalSection
	GlobalSection(ProjectConfigurationPlatforms) = postSolution
		{C2C65277-C88C-45F7-BFC2-3347930939EB}.Debug|Any CPU.ActiveCfg = Debug|Any CPU
		{C2C65277-C88C-45F7-BFC2-3347930939EB}.Debug|Any CPU.Build.0 = Debug|Any CPU
		{C2C65277-C88C-45F7-BFC2-3347930939EB}.Release|Any CPU.ActiveCfg = Release|Any CPU
		{C2C65277-C88C-45F7-BFC2-3347930939EB}.Release|Any CPU.Build.0 = Release|Any CPU
		{288DD666-3700-4B0E-99D0-AF1CADD112DA}.Debug|Any CPU.ActiveCfg = Debug|Any CPU
		{288DD666-3700-4B0E-99D0-AF1CADD112DA}.Debug|Any CPU.Build.0 = Debug|Any CPU
		{288DD666-3700-4B0E-99D0-AF1CADD112DA}.Release|Any CPU.ActiveCfg = Release|Any CPU
		{288DD666-3700-4B0E-99D0-AF1CADD112DA}.Release|Any CPU.Build.0 = Release|Any CPU
		{C5255388-F568-44F4-9F3A-FAA543FD8A77}.Debug|Any CPU.ActiveCfg = Debug|Any CPU
		{C5255388-F568-44F4-9F3A-FAA543FD8A77}.Debug|Any CPU.Build.0 = Debug|Any CPU
		{C5255388-F568-44F4-9F3A-FAA543FD8A77}.Release|Any CPU.ActiveCfg = Release|Any CPU
		{C5255388-F568-44F4-9F3A-FAA543FD8A77}.Release|Any CPU.Build.0 = Release|Any CPU
	EndGlobalSection
	GlobalSection(SolutionProperties) = preSolution
		HideSolutionNode = FALSE
	EndGlobalSection
EndGlobal
